{
  "name": "phonetize",
  "lockfileVersion": 3,
  "requires": true,
  "packages": {
    "": {
      "name": "phonetize",
      "dependencies": {
        "taraskevizer": "^9.0.2"
      }
    },
    "node_modules/taraskevizer": {
      "version": "9.1.7",
      "resolved": "https://registry.npmjs.org/taraskevizer/-/taraskevizer-9.1.7.tgz",
      "integrity": "sha512-BjFUCrLkw4HT97mPwqpBxCxs29X5x9R6xkyELd1DMitKk3Ft8QLfE7MRRASNTQMO4gUgGpoyNFyUaLis51KaBw==",
      "license": "MIT",
      "bin": {
        "tarask": "dist/bin.js"
      }
    }
  }
}
